
Microsoft Visual Studio Solution File, Format Version 12.00
# Visual Studio 2012
Project("{F184B08F-C81C-45F6-A57F-5ABD9991F28F}") = "Decrypt7", "Decrypt7\Decrypt7.vbproj", "{04A1FF49-A0A0-4F24-8B2F-C422056A0E71}"
EndProject
Project("{6141683F-8A12-4E36-9623-2EB02B2C2303}") = "Setup", "Setup\Setup.isproj", "{1067E086-01A9-45DA-A22C-116013D5BFF3}"
	ProjectSection(ProjectDependencies) = postProject
		{04A1FF49-A0A0-4F24-8B2F-C422056A0E71} = {04A1FF49-A0A0-4F24-8B2F-C422056A0E71}
	EndProjectSection
EndProject
Global
	GlobalSection(SolutionConfigurationPlatforms) = preSolution
		CD_ROM|Any CPU = CD_ROM|Any CPU
		Debug|Any CPU = Debug|Any CPU
		DVD-5|Any CPU = DVD-5|Any CPU
		Release|Any CPU = Release|Any CPU
		SingleImage|Any CPU = SingleImage|Any CPU
	EndGlobalSection
	GlobalSection(ProjectConfigurationPlatforms) = postSolution
		{04A1FF49-A0A0-4F24-8B2F-C422056A0E71}.CD_ROM|Any CPU.ActiveCfg = Release|Any CPU
		{04A1FF49-A0A0-4F24-8B2F-C422056A0E71}.CD_ROM|Any CPU.Build.0 = Release|Any CPU
		{04A1FF49-A0A0-4F24-8B2F-C422056A0E71}.Debug|Any CPU.ActiveCfg = Debug|Any CPU
		{04A1FF49-A0A0-4F24-8B2F-C422056A0E71}.Debug|Any CPU.Build.0 = Debug|Any CPU
		{04A1FF49-A0A0-4F24-8B2F-C422056A0E71}.DVD-5|Any CPU.ActiveCfg = Debug|Any CPU
		{04A1FF49-A0A0-4F24-8B2F-C422056A0E71}.DVD-5|Any CPU.Build.0 = Debug|Any CPU
		{04A1FF49-A0A0-4F24-8B2F-C422056A0E71}.Release|Any CPU.ActiveCfg = Release|Any CPU
		{04A1FF49-A0A0-4F24-8B2F-C422056A0E71}.Release|Any CPU.Build.0 = Release|Any CPU
		{04A1FF49-A0A0-4F24-8B2F-C422056A0E71}.SingleImage|Any CPU.ActiveCfg = Release|Any CPU
		{04A1FF49-A0A0-4F24-8B2F-C422056A0E71}.SingleImage|Any CPU.Build.0 = Release|Any CPU
		{1067E086-01A9-45DA-A22C-116013D5BFF3}.CD_ROM|Any CPU.ActiveCfg = CD_ROM
		{1067E086-01A9-45DA-A22C-116013D5BFF3}.CD_ROM|Any CPU.Build.0 = CD_ROM
		{1067E086-01A9-45DA-A22C-116013D5BFF3}.Debug|Any CPU.ActiveCfg = DVD-5
		{1067E086-01A9-45DA-A22C-116013D5BFF3}.Debug|Any CPU.Build.0 = DVD-5
		{1067E086-01A9-45DA-A22C-116013D5BFF3}.DVD-5|Any CPU.ActiveCfg = DVD-5
		{1067E086-01A9-45DA-A22C-116013D5BFF3}.DVD-5|Any CPU.Build.0 = DVD-5
		{1067E086-01A9-45DA-A22C-116013D5BFF3}.Release|Any CPU.ActiveCfg = SingleImage
		{1067E086-01A9-45DA-A22C-116013D5BFF3}.Release|Any CPU.Build.0 = SingleImage
		{1067E086-01A9-45DA-A22C-116013D5BFF3}.SingleImage|Any CPU.ActiveCfg = SingleImage
		{1067E086-01A9-45DA-A22C-116013D5BFF3}.SingleImage|Any CPU.Build.0 = SingleImage
	EndGlobalSection
	GlobalSection(SolutionProperties) = preSolution
		HideSolutionNode = FALSE
	EndGlobalSection
EndGlobal
